
Microsoft Visual Studio Solution File, Format Version 12.00
# Visual Studio Version 17
VisualStudioVersion = 17.3.32929.385
MinimumVisualStudioVersion = 10.0.40219.1
Project("{FAE04EC0-301F-11D3-BF4B-00C04F79EFBC}") = "CovidAPI", "CovidAPI\CovidAPI.csproj", "{67E419CC-1E88-43B5-ACB1-2E2778A59D00}"
EndProject
Global
	GlobalSection(SolutionConfigurationPlatforms) = preSolution
		Debug|Any CPU = Debug|Any CPU
		Release|Any CPU = Release|Any CPU
	EndGlobalSection
	GlobalSection(ProjectConfigurationPlatforms) = postSolution
		{67E419CC-1E88-43B5-ACB1-2E2778A59D00}.Debug|Any CPU.ActiveCfg = Debug|Any CPU
		{67E419CC-1E88-43B5-ACB1-2E2778A59D00}.Debug|Any CPU.Build.0 = Debug|Any CPU
		{67E419CC-1E88-43B5-ACB1-2E2778A59D00}.Release|Any CPU.ActiveCfg = Release|Any CPU
		{67E419CC-1E88-43B5-ACB1-2E2778A59D00}.Release|Any CPU.Build.0 = Release|Any CPU
	EndGlobalSection
	GlobalSection(SolutionProperties) = preSolution
		HideSolutionNode = FALSE
	EndGlobalSection
	GlobalSection(ExtensibilityGlobals) = postSolution
		SolutionGuid = {97CF3ED2-BF94-44DF-A5A6-CF78871A3D7C}
	EndGlobalSection
EndGlobal
